// !$*UTF8*$!
{
	archiveVersion = 1;
	classes = {
	};
	objectVersion = 46;
	objects = {

/* Begin PBXBuildFile section */
		8490202B1E6C22160014A9A1 /* AppDelegate.swift in Sources */ = {isa = PBXBuildFile; fileRef = 8490202A1E6C22160014A9A1 /* AppDelegate.swift */; };
		8490202D1E6C22160014A9A1 /* ViewController.swift in Sources */ = {isa = PBXBuildFile; fileRef = 8490202C1E6C22160014A9A1 /* ViewController.swift */; };
		849020301E6C22160014A9A1 /* Main.storyboard in Resources */ = {isa = PBXBuildFile; fileRef = 8490202E1E6C22160014A9A1 /* Main.storyboard */; };
		849020321E6C22160014A9A1 /* Assets.xcassets in Resources */ = {isa = PBXBuildFile; fileRef = 849020311E6C22160014A9A1 /* Assets.xcassets */; };
		849020351E6C22160014A9A1 /* LaunchScreen.storyboard in Resources */ = {isa = PBXBuildFile; fileRef = 849020331E6C22160014A9A1 /* LaunchScreen.storyboard */; };
/* End PBXBuildFile section */

/* Begin PBXFileReference section */
		849020271E6C22160014A9A1 /* vStash.app */ = {isa = PBXFileReference; explicitFileType = wrapper.application; includeInIndex = 0; path = vStash.app; sourceTree = BUILT_PRODUCTS_DIR; };
		8490202A1E6C22160014A9A1 /* AppDelegate.swift */ = {isa = PBXFileReference; lastKnownFileType = sourcecode.swift; path = AppDelegate.swift; sourceTree = "<group>"; };
		8490202C1E6C22160014A9A1 /* ViewController.swift */ = {isa = PBXFileReference; lastKnownFileType = sourcecode.swift; path = ViewController.swift; sourceTree = "<group>"; };
		8490202F1E6C22160014A9A1 /* Base */ = {isa = PBXFileReference; lastKnownFileType = file.storyboard; name = Base; path = Base.lproj/Main.storyboard; sourceTree = "<group>"; };
		849020311E6C22160014A9A1 /* Assets.xcassets */ = {isa = PBXFileReference; lastKnownFileType = folder.assetcatalog; path = Assets.xcassets; sourceTree = "<group>"; };
		849020341E6C22160014A9A1 /* Base */ = {isa = PBXFileReference; lastKnownFileType = file.storyboard; name = Base; path = Base.lproj/LaunchScreen.storyboard; sourceTree = "<group>"; };
		849020361E6C22160014A9A1 /* Info.plist */ = {isa = PBXFileReference; lastKnownFileType = text.plist.xml; path = Info.plist; sourceTree = "<group>"; };
/* End PBXFileReference section */

/* Begin PBXFrameworksBuildPhase section */
		849020241E6C22160014A9A1 /* Frameworks */ = {
			isa = PBXFrameworksBuildPhase;
			buildActionMask = 2147483647;
			files = (
			);
			runOnlyForDeploymentPostprocessing = 0;
		};
/* End PBXFrameworksBuildPhase section */

/* Begin PBXGroup section */
		8490201E1E6C22160014A9A1 = {
			isa = PBXGroup;
			children = (
				849020291E6C22160014A9A1 /* vStash */,
				849020281E6C22160014A9A1 /* Products */,
			);
			sourceTree = "<group>";
		};
		849020281E6C22160014A9A1 /* Products */ = {
			isa = PBXGroup;
			children = (
				849020271E6C22160014A9A1 /* vStash.app */,
			);
			name = Products;
			sourceTree = "<group>";
		};
		849020291E6C22160014A9A1 /* vStash */ = {
			isa = PBXGroup;
			children = (
				8490202A1E6C22160014A9A1 /* AppDelegate.swift */,
				8490202C1E6C22160014A9A1 /* ViewController.swift */,
				8490202E1E6C22160014A9A1 /* Main.storyboard */,
				849020311E6C22160014A9A1 /* Assets.xcassets */,
				849020331E6C22160014A9A1 /* LaunchScreen.storyboard */,
				849020361E6C22160014A9A1 /* Info.plist */,
			);
			path = vStash;
			sourceTree = "<group>";
		};
/* End PBXGroup section */

/* Begin PBXNativeTarget section */
		849020261E6C22160014A9A1 /* vStash */ = {
			isa = PBXNativeTarget;
			buildConfigurationList = 849020391E6C22160014A9A1 /* Build configuration list for PBXNativeTarget "vStash" */;
			buildPhases = (
				849020231E6C22160014A9A1 /* Sources */,
				849020241E6C22160014A9A1 /* Frameworks */,
				849020251E6C22160014A9A1 /* Resources */,
			);
			buildRules = (
			);
			dependencies = (
			);
			name = vStash;
			productName = vStash;
			productReference = 849020271E6C22160014A9A1 /* vStash.app */;
			productType = "com.apple.product-type.application";
		};
/* End PBXNativeTarget section */

/* Begin PBXProject section */
		8490201F1E6C22160014A9A1 /* Project object */ = {
			isa = PBXProject;
			attributes = {
				LastSwiftUpdateCheck = 0820;
				LastUpgradeCheck = 0820;
				ORGANIZATIONNAME = mbair;
				TargetAttributes = {
					849020261E6C22160014A9A1 = {
						CreatedOnToolsVersion = 8.2.1;
						ProvisioningStyle = Automatic;
					};
				};
			};
			buildConfigurationList = 849020221E6C22160014A9A1 /* Build configuration list for PBXProject "vStash" */;
			compatibilityVersion = "Xcode 3.2";
			developmentRegion = English;
			hasScannedForEncodings = 0;
			knownRegions = (
				en,
				Base,
			);
			mainGroup = 8490201E1E6C22160014A9A1;
			productRefGroup = 849020281E6C22160014A9A1 /* Products */;
			projectDirPath = "";
			projectRoot = "";
			targets = (
				849020261E6C22160014A9A1 /* vStash */,
			);
		};
/* End PBXProject section */

/* Begin PBXResourcesBuildPhase section */
		849020251E6C22160014A9A1 /* Resources */ = {
			isa = PBXResourcesBuildPhase;
			buildActionMask = 2147483647;
			files = (
				849020351E6C22160014A9A1 /* LaunchScreen.storyboard in Resources */,
				849020321E6C22160014A9A1 /* Assets.xcassets in Resources */,
				849020301E6C22160014A9A1 /* Main.storyboard in Resources */,
			);
			runOnlyForDeploymentPostprocessing = 0;
		};
/* End PBXResourcesBuildPhase section */

/* Begin PBXSourcesBuildPhase section */
		849020231E6C22160014A9A1 /* Sources */ = {
			isa = PBXSourcesBuildPhase;
			buildActionMask = 2147483647;
			files = (
				8490202D1E6C22160014A9A1 /* ViewController.swift in Sources */,
				8490202B1E6C22160014A9A1 /* AppDelegate.swift in Sources */,
			);
			runOnlyForDeploymentPostprocessing = 0;
		};
/* End PBXSourcesBuildPhase section */

/* Begin PBXVariantGroup section */
		8490202E1E6C22160014A9A1 /* Main.storyboard */ = {
			isa = PBXVariantGroup;
			children = (
				8490202F1E6C22160014A9A1 /* Base */,
			);
			name = Main.storyboard;
			sourceTree = "<group>";
		};
		849020331E6C22160014A9A1 /* LaunchScreen.storyboard */ = {
			isa = PBXVariantGroup;
			children = (
				849020341E6C22160014A9A1 /* Base */,
			);
			name = LaunchScreen.storyboard;
			sourceTree = "<group>";
		};
/* End PBXVariantGroup section */

/* Begin XCBuildConfiguration section */
		849020371E6C22160014A9A1 /* Debug */ = {
			isa = XCBuildConfiguration;
			buildSettings = {
				ALWAYS_SEARCH_USER_PATHS = NO;
				CLANG_ANALYZER_NONNULL = YES;
				CLANG_CXX_LANGUAGE_STANDARD = "gnu++0x";
				CLANG_CXX_LIBRARY = "libc++";
				CLANG_ENABLE_MODULES = YES;
				CLANG_ENABLE_OBJC_ARC = YES;
				CLANG_WARN_BOOL_CONVERSION = YES;
				CLANG_WARN_CONSTANT_CONVERSION = YES;
				CLANG_WARN_DIRECT_OBJC_ISA_USAGE = YES_ERROR;
				CLANG_WARN_DOCUMENTATION_COMMENTS = YES;
				CLANG_WARN_EMPTY_BODY = YES;
				CLANG_WARN_ENUM_CONVERSION = YES;
				CLANG_WARN_INFINITE_RECURSION = YES;
				CLANG_WARN_INT_CONVERSION = YES;
				CLANG_WARN_OBJC_ROOT_CLASS = YES_ERROR;
				CLANG_WARN_SUSPICIOUS_MOVE = YES;
				CLANG_WARN_UNREACHABLE_CODE = YES;
				CLANG_WARN__DUPLICATE_METHOD_MATCH = YES;
				"CODE_SIGN_IDENTITY[sdk=iphoneos*]" = "iPhone Developer";
				COPY_PHASE_STRIP = NO;
				DEBUG_INFORMATION_FORMAT = dwarf;
				ENABLE_STRICT_OBJC_MSGSEND = YES;
				ENABLE_TESTABILITY = YES;
				GCC_C_LANGUAGE_STANDARD = gnu99;
				GCC_DYNAMIC_NO_PIC = NO;
				GCC_NO_COMMON_BLOCKS = YES;
				GCC_OPTIMIZATION_LEVEL = 0;
				GCC_PREPROCESSOR_DEFINITIONS = (
					"DEBUG=1",
					"$(inherited)",
				);
				GCC_WARN_64_TO_32_BIT_CONVERSION = YES;
				GCC_WARN_ABOUT_RETURN_TYPE = YES_ERROR;
				GCC_WARN_UNDECLARED_SELECTOR = YES;
				GCC_WARN_UNINITIALIZED_AUTOS = YES_AGGRESSIVE;
				GCC_WARN_UNUSED_FUNCTION = YES;
				GCC_WARN_UNUSED_VARIABLE = YES;
				IPHONEOS_DEPLOYMENT_TARGET = 10.2;
				MTL_ENABLE_DEBUG_INFO = YES;
				ONLY_ACTIVE_ARCH = YES;
				SDKROOT = iphoneos;
				SWIFT_ACTIVE_COMPILATION_CONDITIONS = DEBUG;
				SWIFT_OPTIMIZATION_LEVEL = "-Onone";
				TARGETED_DEVICE_FAMILY = "1,2";
			};
			name = Debug;
		};
		849020381E6C22160014A9A1 /* Release */ = {
			isa = XCBuildConfiguration;
			buildSettings = {
				ALWAYS_SEARCH_USER_PATHS = NO;
				CLANG_ANALYZER_NONNULL = YES;
				CLANG_CXX_LANGUAGE_STANDARD = "gnu++0x";
				CLANG_CXX_LIBRARY = "libc++";
				CLANG_ENABLE_MODULES = YES;
				CLANG_ENABLE_OBJC_ARC = YES;
				CLANG_WARN_BOOL_CONVERSION = YES;
				CLANG_WARN_CONSTANT_CONVERSION = YES;
				CLANG_WARN_DIRECT_OBJC_ISA_USAGE = YES_ERROR;
				CLANG_WARN_DOCUMENTATION_COMMENTS = YES;
				CLANG_WARN_EMPTY_BODY = YES;
				CLANG_WARN_ENUM_CONVERSION = YES;
				CLANG_WARN_INFINITE_RECURSION = YES;
				CLANG_WARN_INT_CONVERSION = YES;
				CLANG_WARN_OBJC_ROOT_CLASS = YES_ERROR;
				CLANG_WARN_SUSPICIOUS_MOVE = YES;
				CLANG_WARN_UNREACHABLE_CODE = YES;
				CLANG_WARN__DUPLICATE_METHOD_MATCH = YES;
				"CODE_SIGN_IDENTITY[sdk=iphoneos*]" = "iPhone Developer";
				COPY_PHASE_STRIP = NO;
				DEBUG_INFORMATION_FORMAT = "dwarf-with-dsym";
				ENABLE_NS_ASSERTIONS = NO;
				ENABLE_STRICT_OBJC_MSGSEND = YES;
				GCC_C_LANGUAGE_STANDARD = gnu99;
				GCC_NO_COMMON_BLOCKS = YES;
				GCC_WARN_64_TO_32_BIT_CONVERSION = YES;
				GCC_WARN_ABOUT_RETURN_TYPE = YES_ERROR;
				GCC_WARN_UNDECLARED_SELECTOR = YES;
				GCC_WARN_UNINITIALIZED_AUTOS = YES_AGGRESSIVE;
				GCC_WARN_UNUSED_FUNCTION = YES;
				GCC_WARN_UNUSED_VARIABLE = YES;
				IPHONEOS_DEPLOYMENT_TARGET = 10.2;
				MTL_ENABLE_DEBUG_INFO = NO;
				SDKROOT = iphoneos;
				SWIFT_OPTIMIZATION_LEVEL = "-Owholemodule";
				TARGETED_DEVICE_FAMILY = "1,2";
				VALIDATE_PRODUCT = YES;
			};
			name = Release;
		};
		8490203A1E6C22160014A9A1 /* Debug */ = {
			isa = XCBuildConfiguration;
			buildSettings = {
				ASSETCATALOG_COMPILER_APPICON_NAME = AppIcon;
				INFOPLIST_FILE = vStash/Info.plist;
				LD_RUNPATH_SEARCH_PATHS = "$(inherited) @executable_path/Frameworks";
				PRODUCT_BUNDLE_IDENTIFIER = com.mbair.vStash;
				PRODUCT_NAME = "$(TARGET_NAME)";
				SWIFT_VERSION = 3.0;
			};
			name = Debug;
		};
		8490203B1E6C22160014A9A1 /* Release */ = {
			isa = XCBuildConfiguration;
			buildSettings = {
				ASSETCATALOG_COMPILER_APPICON_NAME = AppIcon;
				INFOPLIST_FILE = vStash/Info.plist;
				LD_RUNPATH_SEARCH_PATHS = "$(inherited) @executable_path/Frameworks";
				PRODUCT_BUNDLE_IDENTIFIER = com.mbair.vStash;
				PRODUCT_NAME = "$(TARGET_NAME)";
				SWIFT_VERSION = 3.0;
			};
			name = Release;
		};
/* End XCBuildConfiguration section */

/* Begin XCConfigurationList section */
		849020221E6C22160014A9A1 /* Build configuration list for PBXProject "vStash" */ = {
			isa = XCConfigurationList;
			buildConfigurations = (
				849020371E6C22160014A9A1 /* Debug */,
				849020381E6C22160014A9A1 /* Release */,
			);
			defaultConfigurationIsVisible = 0;
			defaultConfigurationName = Release;
		};
		849020391E6C22160014A9A1 /* Build configuration list for PBXNativeTarget "vStash" */ = {
			isa = XCConfigurationList;
			buildConfigurations = (
				8490203A1E6C22160014A9A1 /* Debug */,
				8490203B1E6C22160014A9A1 /* Release */,
			);
			defaultConfigurationIsVisible = 0;
		};
/* End XCConfigurationList section */
	};
	rootObject = 8490201F1E6C22160014A9A1 /* Project object */;
}
